
Microsoft Visual Studio Solution File, Format Version 12.00
# Visual Studio Version 17
Project("{2150E333-8FDC-42A3-9474-1A3956D46DE8}") = "CMake", "CMake", "{82A0C5CF-15F9-3F29-B50F-9F4E1F2D8E02}"
EndProject
Project("{2150E333-8FDC-42A3-9474-1A3956D46DE8}") = "SFML", "SFML", "{6B56BD41-EF79-3945-B9C2-D8FB03397051}"
EndProject
Project("{8BC9CEB8-8B4A-11D0-8D11-00A0C91BC942}") = "ALL_BUILD", "ALL_BUILD.vcxproj", "{123C1378-7601-323B-945D-C4AEA03C272B}"
	ProjectSection(ProjectDependencies) = postProject
		{BED02F4D-9ACE-3C22-8ED5-CB2B315F9C85} = {BED02F4D-9ACE-3C22-8ED5-CB2B315F9C85}
		{E36A03DA-FE67-3A85-A14D-C2C8A6BF3ACD} = {E36A03DA-FE67-3A85-A14D-C2C8A6BF3ACD}
		{05DCD9D4-AE0A-3A60-8BE5-CFC9494D3772} = {05DCD9D4-AE0A-3A60-8BE5-CFC9494D3772}
		{645E5AF2-9048-3C4C-898D-F211952CBBFD} = {645E5AF2-9048-3C4C-898D-F211952CBBFD}
		{D2924FD8-66D1-3DB8-900D-228939712F6A} = {D2924FD8-66D1-3DB8-900D-228939712F6A}
		{8DA55419-7421-3153-83C7-EFA969C799E1} = {8DA55419-7421-3153-83C7-EFA969C799E1}
		{D4AECFB0-E815-3776-866C-96EC8E39EA4A} = {D4AECFB0-E815-3776-866C-96EC8E39EA4A}
	EndProjectSection
EndProject
Project("{8BC9CEB8-8B4A-11D0-8D11-00A0C91BC942}") = "Box2D", "lib\b2d\Box2D\Box2D.vcxproj", "{BED02F4D-9ACE-3C22-8ED5-CB2B315F9C85}"
	ProjectSection(ProjectDependencies) = postProject
		{05DCD9D4-AE0A-3A60-8BE5-CFC9494D3772} = {05DCD9D4-AE0A-3A60-8BE5-CFC9494D3772}
	EndProjectSection
EndProject
Project("{8BC9CEB8-8B4A-11D0-8D11-00A0C91BC942}") = "Drop_Pod", "Drop_Pod.vcxproj", "{E36A03DA-FE67-3A85-A14D-C2C8A6BF3ACD}"
	ProjectSection(ProjectDependencies) = postProject
		{BED02F4D-9ACE-3C22-8ED5-CB2B315F9C85} = {BED02F4D-9ACE-3C22-8ED5-CB2B315F9C85}
		{05DCD9D4-AE0A-3A60-8BE5-CFC9494D3772} = {05DCD9D4-AE0A-3A60-8BE5-CFC9494D3772}
		{645E5AF2-9048-3C4C-898D-F211952CBBFD} = {645E5AF2-9048-3C4C-898D-F211952CBBFD}
		{D2924FD8-66D1-3DB8-900D-228939712F6A} = {D2924FD8-66D1-3DB8-900D-228939712F6A}
		{8DA55419-7421-3153-83C7-EFA969C799E1} = {8DA55419-7421-3153-83C7-EFA969C799E1}
		{D4AECFB0-E815-3776-866C-96EC8E39EA4A} = {D4AECFB0-E815-3776-866C-96EC8E39EA4A}
		{FE0FCCE4-6E0D-33C3-8A17-F0BC4FB7AA92} = {FE0FCCE4-6E0D-33C3-8A17-F0BC4FB7AA92}
		{7C90F3DB-A7F8-3D7A-8024-E70156225032} = {7C90F3DB-A7F8-3D7A-8024-E70156225032}
		{E80E5605-F37E-32BC-BBAD-78A1AA81DF5C} = {E80E5605-F37E-32BC-BBAD-78A1AA81DF5C}
		{3D4CCC95-445E-3EBF-BF4F-87F47979400F} = {3D4CCC95-445E-3EBF-BF4F-87F47979400F}
	EndProjectSection
EndProject
Project("{8BC9CEB8-8B4A-11D0-8D11-00A0C91BC942}") = "INSTALL", "INSTALL.vcxproj", "{A11F508E-0BDE-3718-AAE4-C536EC3668C2}"
	ProjectSection(ProjectDependencies) = postProject
		{123C1378-7601-323B-945D-C4AEA03C272B} = {123C1378-7601-323B-945D-C4AEA03C272B}
		{05DCD9D4-AE0A-3A60-8BE5-CFC9494D3772} = {05DCD9D4-AE0A-3A60-8BE5-CFC9494D3772}
	EndProjectSection
EndProject
Project("{8BC9CEB8-8B4A-11D0-8D11-00A0C91BC942}") = "ZERO_CHECK", "ZERO_CHECK.vcxproj", "{05DCD9D4-AE0A-3A60-8BE5-CFC9494D3772}"
	ProjectSection(ProjectDependencies) = postProject
	EndProjectSection
EndProject
Project("{8BC9CEB8-8B4A-11D0-8D11-00A0C91BC942}") = "copy_resources", "copy_resources.vcxproj", "{645E5AF2-9048-3C4C-898D-F211952CBBFD}"
	ProjectSection(ProjectDependencies) = postProject
		{05DCD9D4-AE0A-3A60-8BE5-CFC9494D3772} = {05DCD9D4-AE0A-3A60-8BE5-CFC9494D3772}
	EndProjectSection
EndProject
Project("{8BC9CEB8-8B4A-11D0-8D11-00A0C91BC942}") = "lib_ecm", "lib_ecm.vcxproj", "{D2924FD8-66D1-3DB8-900D-228939712F6A}"
	ProjectSection(ProjectDependencies) = postProject
		{05DCD9D4-AE0A-3A60-8BE5-CFC9494D3772} = {05DCD9D4-AE0A-3A60-8BE5-CFC9494D3772}
	EndProjectSection
EndProject
Project("{8BC9CEB8-8B4A-11D0-8D11-00A0C91BC942}") = "lib_engine", "lib_engine.vcxproj", "{8DA55419-7421-3153-83C7-EFA969C799E1}"
	ProjectSection(ProjectDependencies) = postProject
		{BED02F4D-9ACE-3C22-8ED5-CB2B315F9C85} = {BED02F4D-9ACE-3C22-8ED5-CB2B315F9C85}
		{05DCD9D4-AE0A-3A60-8BE5-CFC9494D3772} = {05DCD9D4-AE0A-3A60-8BE5-CFC9494D3772}
		{D2924FD8-66D1-3DB8-900D-228939712F6A} = {D2924FD8-66D1-3DB8-900D-228939712F6A}
		{D4AECFB0-E815-3776-866C-96EC8E39EA4A} = {D4AECFB0-E815-3776-866C-96EC8E39EA4A}
		{FE0FCCE4-6E0D-33C3-8A17-F0BC4FB7AA92} = {FE0FCCE4-6E0D-33C3-8A17-F0BC4FB7AA92}
		{7C90F3DB-A7F8-3D7A-8024-E70156225032} = {7C90F3DB-A7F8-3D7A-8024-E70156225032}
		{E80E5605-F37E-32BC-BBAD-78A1AA81DF5C} = {E80E5605-F37E-32BC-BBAD-78A1AA81DF5C}
		{3D4CCC95-445E-3EBF-BF4F-87F47979400F} = {3D4CCC95-445E-3EBF-BF4F-87F47979400F}
	EndProjectSection
EndProject
Project("{8BC9CEB8-8B4A-11D0-8D11-00A0C91BC942}") = "lib_tile_level_loader", "lib_tile_level_loader.vcxproj", "{D4AECFB0-E815-3776-866C-96EC8E39EA4A}"
	ProjectSection(ProjectDependencies) = postProject
		{05DCD9D4-AE0A-3A60-8BE5-CFC9494D3772} = {05DCD9D4-AE0A-3A60-8BE5-CFC9494D3772}
		{7C90F3DB-A7F8-3D7A-8024-E70156225032} = {7C90F3DB-A7F8-3D7A-8024-E70156225032}
		{E80E5605-F37E-32BC-BBAD-78A1AA81DF5C} = {E80E5605-F37E-32BC-BBAD-78A1AA81DF5C}
		{3D4CCC95-445E-3EBF-BF4F-87F47979400F} = {3D4CCC95-445E-3EBF-BF4F-87F47979400F}
	EndProjectSection
EndProject
Project("{8BC9CEB8-8B4A-11D0-8D11-00A0C91BC942}") = "sfml-audio", "lib\sfml\src\SFML\Audio\sfml-audio.vcxproj", "{FE0FCCE4-6E0D-33C3-8A17-F0BC4FB7AA92}"
	ProjectSection(ProjectDependencies) = postProject
		{05DCD9D4-AE0A-3A60-8BE5-CFC9494D3772} = {05DCD9D4-AE0A-3A60-8BE5-CFC9494D3772}
		{E80E5605-F37E-32BC-BBAD-78A1AA81DF5C} = {E80E5605-F37E-32BC-BBAD-78A1AA81DF5C}
	EndProjectSection
EndProject
Project("{8BC9CEB8-8B4A-11D0-8D11-00A0C91BC942}") = "sfml-graphics", "lib\sfml\src\SFML\Graphics\sfml-graphics.vcxproj", "{7C90F3DB-A7F8-3D7A-8024-E70156225032}"
	ProjectSection(ProjectDependencies) = postProject
		{05DCD9D4-AE0A-3A60-8BE5-CFC9494D3772} = {05DCD9D4-AE0A-3A60-8BE5-CFC9494D3772}
		{E80E5605-F37E-32BC-BBAD-78A1AA81DF5C} = {E80E5605-F37E-32BC-BBAD-78A1AA81DF5C}
		{3D4CCC95-445E-3EBF-BF4F-87F47979400F} = {3D4CCC95-445E-3EBF-BF4F-87F47979400F}
	EndProjectSection
EndProject
Project("{8BC9CEB8-8B4A-11D0-8D11-00A0C91BC942}") = "sfml-system", "lib\sfml\src\SFML\System\sfml-system.vcxproj", "{E80E5605-F37E-32BC-BBAD-78A1AA81DF5C}"
	ProjectSection(ProjectDependencies) = postProject
		{05DCD9D4-AE0A-3A60-8BE5-CFC9494D3772} = {05DCD9D4-AE0A-3A60-8BE5-CFC9494D3772}
	EndProjectSection
EndProject
Project("{8BC9CEB8-8B4A-11D0-8D11-00A0C91BC942}") = "sfml-window", "lib\sfml\src\SFML\Window\sfml-window.vcxproj", "{3D4CCC95-445E-3EBF-BF4F-87F47979400F}"
	ProjectSection(ProjectDependencies) = postProject
		{05DCD9D4-AE0A-3A60-8BE5-CFC9494D3772} = {05DCD9D4-AE0A-3A60-8BE5-CFC9494D3772}
		{E80E5605-F37E-32BC-BBAD-78A1AA81DF5C} = {E80E5605-F37E-32BC-BBAD-78A1AA81DF5C}
	EndProjectSection
EndProject
Global
	GlobalSection(SolutionConfigurationPlatforms) = preSolution
		Debug|x64 = Debug|x64
		Release|x64 = Release|x64
		MinSizeRel|x64 = MinSizeRel|x64
		RelWithDebInfo|x64 = RelWithDebInfo|x64
	EndGlobalSection
	GlobalSection(ProjectConfigurationPlatforms) = postSolution
		{123C1378-7601-323B-945D-C4AEA03C272B}.Debug|x64.ActiveCfg = Debug|x64
		{123C1378-7601-323B-945D-C4AEA03C272B}.Debug|x64.Build.0 = Debug|x64
		{123C1378-7601-323B-945D-C4AEA03C272B}.Release|x64.ActiveCfg = Release|x64
		{123C1378-7601-323B-945D-C4AEA03C272B}.Release|x64.Build.0 = Release|x64
		{123C1378-7601-323B-945D-C4AEA03C272B}.MinSizeRel|x64.ActiveCfg = MinSizeRel|x64
		{123C1378-7601-323B-945D-C4AEA03C272B}.MinSizeRel|x64.Build.0 = MinSizeRel|x64
		{123C1378-7601-323B-945D-C4AEA03C272B}.RelWithDebInfo|x64.ActiveCfg = RelWithDebInfo|x64
		{123C1378-7601-323B-945D-C4AEA03C272B}.RelWithDebInfo|x64.Build.0 = RelWithDebInfo|x64
		{BED02F4D-9ACE-3C22-8ED5-CB2B315F9C85}.Debug|x64.ActiveCfg = Debug|x64
		{BED02F4D-9ACE-3C22-8ED5-CB2B315F9C85}.Debug|x64.Build.0 = Debug|x64
		{BED02F4D-9ACE-3C22-8ED5-CB2B315F9C85}.Release|x64.ActiveCfg = Release|x64
		{BED02F4D-9ACE-3C22-8ED5-CB2B315F9C85}.Release|x64.Build.0 = Release|x64
		{BED02F4D-9ACE-3C22-8ED5-CB2B315F9C85}.MinSizeRel|x64.ActiveCfg = MinSizeRel|x64
		{BED02F4D-9ACE-3C22-8ED5-CB2B315F9C85}.MinSizeRel|x64.Build.0 = MinSizeRel|x64
		{BED02F4D-9ACE-3C22-8ED5-CB2B315F9C85}.RelWithDebInfo|x64.ActiveCfg = RelWithDebInfo|x64
		{BED02F4D-9ACE-3C22-8ED5-CB2B315F9C85}.RelWithDebInfo|x64.Build.0 = RelWithDebInfo|x64
		{E36A03DA-FE67-3A85-A14D-C2C8A6BF3ACD}.Debug|x64.ActiveCfg = Debug|x64
		{E36A03DA-FE67-3A85-A14D-C2C8A6BF3ACD}.Debug|x64.Build.0 = Debug|x64
		{E36A03DA-FE67-3A85-A14D-C2C8A6BF3ACD}.Release|x64.ActiveCfg = Release|x64
		{E36A03DA-FE67-3A85-A14D-C2C8A6BF3ACD}.Release|x64.Build.0 = Release|x64
		{E36A03DA-FE67-3A85-A14D-C2C8A6BF3ACD}.MinSizeRel|x64.ActiveCfg = MinSizeRel|x64
		{E36A03DA-FE67-3A85-A14D-C2C8A6BF3ACD}.MinSizeRel|x64.Build.0 = MinSizeRel|x64
		{E36A03DA-FE67-3A85-A14D-C2C8A6BF3ACD}.RelWithDebInfo|x64.ActiveCfg = RelWithDebInfo|x64
		{E36A03DA-FE67-3A85-A14D-C2C8A6BF3ACD}.RelWithDebInfo|x64.Build.0 = RelWithDebInfo|x64
		{A11F508E-0BDE-3718-AAE4-C536EC3668C2}.Debug|x64.ActiveCfg = Debug|x64
		{A11F508E-0BDE-3718-AAE4-C536EC3668C2}.Release|x64.ActiveCfg = Release|x64
		{A11F508E-0BDE-3718-AAE4-C536EC3668C2}.MinSizeRel|x64.ActiveCfg = MinSizeRel|x64
		{A11F508E-0BDE-3718-AAE4-C536EC3668C2}.RelWithDebInfo|x64.ActiveCfg = RelWithDebInfo|x64
		{05DCD9D4-AE0A-3A60-8BE5-CFC9494D3772}.Debug|x64.ActiveCfg = Debug|x64
		{05DCD9D4-AE0A-3A60-8BE5-CFC9494D3772}.Debug|x64.Build.0 = Debug|x64
		{05DCD9D4-AE0A-3A60-8BE5-CFC9494D3772}.Release|x64.ActiveCfg = Release|x64
		{05DCD9D4-AE0A-3A60-8BE5-CFC9494D3772}.Release|x64.Build.0 = Release|x64
		{05DCD9D4-AE0A-3A60-8BE5-CFC9494D3772}.MinSizeRel|x64.ActiveCfg = MinSizeRel|x64
		{05DCD9D4-AE0A-3A60-8BE5-CFC9494D3772}.MinSizeRel|x64.Build.0 = MinSizeRel|x64
		{05DCD9D4-AE0A-3A60-8BE5-CFC9494D3772}.RelWithDebInfo|x64.ActiveCfg = RelWithDebInfo|x64
		{05DCD9D4-AE0A-3A60-8BE5-CFC9494D3772}.RelWithDebInfo|x64.Build.0 = RelWithDebInfo|x64
		{645E5AF2-9048-3C4C-898D-F211952CBBFD}.Debug|x64.ActiveCfg = Debug|x64
		{645E5AF2-9048-3C4C-898D-F211952CBBFD}.Debug|x64.Build.0 = Debug|x64
		{645E5AF2-9048-3C4C-898D-F211952CBBFD}.Release|x64.ActiveCfg = Release|x64
		{645E5AF2-9048-3C4C-898D-F211952CBBFD}.Release|x64.Build.0 = Release|x64
		{645E5AF2-9048-3C4C-898D-F211952CBBFD}.MinSizeRel|x64.ActiveCfg = MinSizeRel|x64
		{645E5AF2-9048-3C4C-898D-F211952CBBFD}.MinSizeRel|x64.Build.0 = MinSizeRel|x64
		{645E5AF2-9048-3C4C-898D-F211952CBBFD}.RelWithDebInfo|x64.ActiveCfg = RelWithDebInfo|x64
		{645E5AF2-9048-3C4C-898D-F211952CBBFD}.RelWithDebInfo|x64.Build.0 = RelWithDebInfo|x64
		{D2924FD8-66D1-3DB8-900D-228939712F6A}.Debug|x64.ActiveCfg = Debug|x64
		{D2924FD8-66D1-3DB8-900D-228939712F6A}.Debug|x64.Build.0 = Debug|x64
		{D2924FD8-66D1-3DB8-900D-228939712F6A}.Release|x64.ActiveCfg = Release|x64
		{D2924FD8-66D1-3DB8-900D-228939712F6A}.Release|x64.Build.0 = Release|x64
		{D2924FD8-66D1-3DB8-900D-228939712F6A}.MinSizeRel|x64.ActiveCfg = MinSizeRel|x64
		{D2924FD8-66D1-3DB8-900D-228939712F6A}.MinSizeRel|x64.Build.0 = MinSizeRel|x64
		{D2924FD8-66D1-3DB8-900D-228939712F6A}.RelWithDebInfo|x64.ActiveCfg = RelWithDebInfo|x64
		{D2924FD8-66D1-3DB8-900D-228939712F6A}.RelWithDebInfo|x64.Build.0 = RelWithDebInfo|x64
		{8DA55419-7421-3153-83C7-EFA969C799E1}.Debug|x64.ActiveCfg = Debug|x64
		{8DA55419-7421-3153-83C7-EFA969C799E1}.Debug|x64.Build.0 = Debug|x64
		{8DA55419-7421-3153-83C7-EFA969C799E1}.Release|x64.ActiveCfg = Release|x64
		{8DA55419-7421-3153-83C7-EFA969C799E1}.Release|x64.Build.0 = Release|x64
		{8DA55419-7421-3153-83C7-EFA969C799E1}.MinSizeRel|x64.ActiveCfg = MinSizeRel|x64
		{8DA55419-7421-3153-83C7-EFA969C799E1}.MinSizeRel|x64.Build.0 = MinSizeRel|x64
		{8DA55419-7421-3153-83C7-EFA969C799E1}.RelWithDebInfo|x64.ActiveCfg = RelWithDebInfo|x64
		{8DA55419-7421-3153-83C7-EFA969C799E1}.RelWithDebInfo|x64.Build.0 = RelWithDebInfo|x64
		{D4AECFB0-E815-3776-866C-96EC8E39EA4A}.Debug|x64.ActiveCfg = Debug|x64
		{D4AECFB0-E815-3776-866C-96EC8E39EA4A}.Debug|x64.Build.0 = Debug|x64
		{D4AECFB0-E815-3776-866C-96EC8E39EA4A}.Release|x64.ActiveCfg = Release|x64
		{D4AECFB0-E815-3776-866C-96EC8E39EA4A}.Release|x64.Build.0 = Release|x64
		{D4AECFB0-E815-3776-866C-96EC8E39EA4A}.MinSizeRel|x64.ActiveCfg = MinSizeRel|x64
		{D4AECFB0-E815-3776-866C-96EC8E39EA4A}.MinSizeRel|x64.Build.0 = MinSizeRel|x64
		{D4AECFB0-E815-3776-866C-96EC8E39EA4A}.RelWithDebInfo|x64.ActiveCfg = RelWithDebInfo|x64
		{D4AECFB0-E815-3776-866C-96EC8E39EA4A}.RelWithDebInfo|x64.Build.0 = RelWithDebInfo|x64
		{FE0FCCE4-6E0D-33C3-8A17-F0BC4FB7AA92}.Debug|x64.ActiveCfg = Debug|x64
		{FE0FCCE4-6E0D-33C3-8A17-F0BC4FB7AA92}.Debug|x64.Build.0 = Debug|x64
		{FE0FCCE4-6E0D-33C3-8A17-F0BC4FB7AA92}.Release|x64.ActiveCfg = Release|x64
		{FE0FCCE4-6E0D-33C3-8A17-F0BC4FB7AA92}.Release|x64.Build.0 = Release|x64
		{FE0FCCE4-6E0D-33C3-8A17-F0BC4FB7AA92}.MinSizeRel|x64.ActiveCfg = MinSizeRel|x64
		{FE0FCCE4-6E0D-33C3-8A17-F0BC4FB7AA92}.MinSizeRel|x64.Build.0 = MinSizeRel|x64
		{FE0FCCE4-6E0D-33C3-8A17-F0BC4FB7AA92}.RelWithDebInfo|x64.ActiveCfg = RelWithDebInfo|x64
		{FE0FCCE4-6E0D-33C3-8A17-F0BC4FB7AA92}.RelWithDebInfo|x64.Build.0 = RelWithDebInfo|x64
		{7C90F3DB-A7F8-3D7A-8024-E70156225032}.Debug|x64.ActiveCfg = Debug|x64
		{7C90F3DB-A7F8-3D7A-8024-E70156225032}.Debug|x64.Build.0 = Debug|x64
		{7C90F3DB-A7F8-3D7A-8024-E70156225032}.Release|x64.ActiveCfg = Release|x64
		{7C90F3DB-A7F8-3D7A-8024-E70156225032}.Release|x64.Build.0 = Release|x64
		{7C90F3DB-A7F8-3D7A-8024-E70156225032}.MinSizeRel|x64.ActiveCfg = MinSizeRel|x64
		{7C90F3DB-A7F8-3D7A-8024-E70156225032}.MinSizeRel|x64.Build.0 = MinSizeRel|x64
		{7C90F3DB-A7F8-3D7A-8024-E70156225032}.RelWithDebInfo|x64.ActiveCfg = RelWithDebInfo|x64
		{7C90F3DB-A7F8-3D7A-8024-E70156225032}.RelWithDebInfo|x64.Build.0 = RelWithDebInfo|x64
		{E80E5605-F37E-32BC-BBAD-78A1AA81DF5C}.Debug|x64.ActiveCfg = Debug|x64
		{E80E5605-F37E-32BC-BBAD-78A1AA81DF5C}.Debug|x64.Build.0 = Debug|x64
		{E80E5605-F37E-32BC-BBAD-78A1AA81DF5C}.Release|x64.ActiveCfg = Release|x64
		{E80E5605-F37E-32BC-BBAD-78A1AA81DF5C}.Release|x64.Build.0 = Release|x64
		{E80E5605-F37E-32BC-BBAD-78A1AA81DF5C}.MinSizeRel|x64.ActiveCfg = MinSizeRel|x64
		{E80E5605-F37E-32BC-BBAD-78A1AA81DF5C}.MinSizeRel|x64.Build.0 = MinSizeRel|x64
		{E80E5605-F37E-32BC-BBAD-78A1AA81DF5C}.RelWithDebInfo|x64.ActiveCfg = RelWithDebInfo|x64
		{E80E5605-F37E-32BC-BBAD-78A1AA81DF5C}.RelWithDebInfo|x64.Build.0 = RelWithDebInfo|x64
		{3D4CCC95-445E-3EBF-BF4F-87F47979400F}.Debug|x64.ActiveCfg = Debug|x64
		{3D4CCC95-445E-3EBF-BF4F-87F47979400F}.Debug|x64.Build.0 = Debug|x64
		{3D4CCC95-445E-3EBF-BF4F-87F47979400F}.Release|x64.ActiveCfg = Release|x64
		{3D4CCC95-445E-3EBF-BF4F-87F47979400F}.Release|x64.Build.0 = Release|x64
		{3D4CCC95-445E-3EBF-BF4F-87F47979400F}.MinSizeRel|x64.ActiveCfg = MinSizeRel|x64
		{3D4CCC95-445E-3EBF-BF4F-87F47979400F}.MinSizeRel|x64.Build.0 = MinSizeRel|x64
		{3D4CCC95-445E-3EBF-BF4F-87F47979400F}.RelWithDebInfo|x64.ActiveCfg = RelWithDebInfo|x64
		{3D4CCC95-445E-3EBF-BF4F-87F47979400F}.RelWithDebInfo|x64.Build.0 = RelWithDebInfo|x64
	EndGlobalSection
	GlobalSection(NestedProjects) = preSolution
		{123C1378-7601-323B-945D-C4AEA03C272B} = {82A0C5CF-15F9-3F29-B50F-9F4E1F2D8E02}
		{A11F508E-0BDE-3718-AAE4-C536EC3668C2} = {82A0C5CF-15F9-3F29-B50F-9F4E1F2D8E02}
		{05DCD9D4-AE0A-3A60-8BE5-CFC9494D3772} = {82A0C5CF-15F9-3F29-B50F-9F4E1F2D8E02}
		{FE0FCCE4-6E0D-33C3-8A17-F0BC4FB7AA92} = {6B56BD41-EF79-3945-B9C2-D8FB03397051}
		{7C90F3DB-A7F8-3D7A-8024-E70156225032} = {6B56BD41-EF79-3945-B9C2-D8FB03397051}
		{E80E5605-F37E-32BC-BBAD-78A1AA81DF5C} = {6B56BD41-EF79-3945-B9C2-D8FB03397051}
		{3D4CCC95-445E-3EBF-BF4F-87F47979400F} = {6B56BD41-EF79-3945-B9C2-D8FB03397051}
	EndGlobalSection
	GlobalSection(ExtensibilityGlobals) = postSolution
		SolutionGuid = {D7EB9653-98B9-3756-A2E6-7749D2FA6E61}
	EndGlobalSection
	GlobalSection(ExtensibilityAddIns) = postSolution
	EndGlobalSection
EndGlobal
